
Microsoft Visual Studio Solution File, Format Version 12.00
# Visual Studio Version 16
VisualStudioVersion = 16.0.28922.388
MinimumVisualStudioVersion = 10.0.40219.1
Project("{FAE04EC0-301F-11D3-BF4B-00C04F79EFBC}") = "BinaryFind", "BinaryFind.csproj", "{BEDDD1A6-558D-41FF-976D-05FAAAEB88A8}"
EndProject
Project("{FAE04EC0-301F-11D3-BF4B-00C04F79EFBC}") = "BinaryFindTests", "BinaryFindTests\BinaryFindTests.csproj", "{5C06C3D1-6BF6-4E1C-BF2E-59673C9F108D}"
EndProject
Global
	GlobalSection(SolutionConfigurationPlatforms) = preSolution
		Debug|Any CPU = Debug|Any CPU
		Release|Any CPU = Release|Any CPU
	EndGlobalSection
	GlobalSection(ProjectConfigurationPlatforms) = postSolution
		{BEDDD1A6-558D-41FF-976D-05FAAAEB88A8}.Debug|Any CPU.ActiveCfg = Debug|Any CPU
		{BEDDD1A6-558D-41FF-976D-05FAAAEB88A8}.Debug|Any CPU.Build.0 = Debug|Any CPU
		{BEDDD1A6-558D-41FF-976D-05FAAAEB88A8}.Release|Any CPU.ActiveCfg = Release|Any CPU
		{BEDDD1A6-558D-41FF-976D-05FAAAEB88A8}.Release|Any CPU.Build.0 = Release|Any CPU
		{5C06C3D1-6BF6-4E1C-BF2E-59673C9F108D}.Debug|Any CPU.ActiveCfg = Debug|Any CPU
		{5C06C3D1-6BF6-4E1C-BF2E-59673C9F108D}.Debug|Any CPU.Build.0 = Debug|Any CPU
		{5C06C3D1-6BF6-4E1C-BF2E-59673C9F108D}.Release|Any CPU.ActiveCfg = Release|Any CPU
		{5C06C3D1-6BF6-4E1C-BF2E-59673C9F108D}.Release|Any CPU.Build.0 = Release|Any CPU
	EndGlobalSection
	GlobalSection(SolutionProperties) = preSolution
		HideSolutionNode = FALSE
	EndGlobalSection
	GlobalSection(ExtensibilityGlobals) = postSolution
		SolutionGuid = {5E818B64-E984-4C52-9BFD-33C3D6EC3F3B}
	EndGlobalSection
EndGlobal
